
Microsoft Visual Studio Solution File, Format Version 12.00
# Visual Studio Version 16
VisualStudioVersion = 16.0.29920.165
MinimumVisualStudioVersion = 10.0.40219.1
Project("{FAE04EC0-301F-11D3-BF4B-00C04F79EFBC}") = "OdeToFood", "OdeToFood.csproj", "{7B1FD637-538B-48C4-AFB0-4ACC7C71B150}"
EndProject
Project("{FAE04EC0-301F-11D3-BF4B-00C04F79EFBC}") = "OdeToFood.Core", "..\OdeToFood.Core\OdeToFood.Core.csproj", "{625103EE-EFF8-4D00-A4C6-B8A3D8EE2590}"
EndProject
Project("{FAE04EC0-301F-11D3-BF4B-00C04F79EFBC}") = "OdeToFood.Data", "..\OdeToFood.Data\OdeToFood.Data.csproj", "{237773A1-3A31-4E66-8845-9367A553718D}"
EndProject
Global
	GlobalSection(SolutionConfigurationPlatforms) = preSolution
		Debug|Any CPU = Debug|Any CPU
		Release|Any CPU = Release|Any CPU
	EndGlobalSection
	GlobalSection(ProjectConfigurationPlatforms) = postSolution
		{7B1FD637-538B-48C4-AFB0-4ACC7C71B150}.Debug|Any CPU.ActiveCfg = Debug|Any CPU
		{7B1FD637-538B-48C4-AFB0-4ACC7C71B150}.Debug|Any CPU.Build.0 = Debug|Any CPU
		{7B1FD637-538B-48C4-AFB0-4ACC7C71B150}.Release|Any CPU.ActiveCfg = Release|Any CPU
		{7B1FD637-538B-48C4-AFB0-4ACC7C71B150}.Release|Any CPU.Build.0 = Release|Any CPU
		{625103EE-EFF8-4D00-A4C6-B8A3D8EE2590}.Debug|Any CPU.ActiveCfg = Debug|Any CPU
		{625103EE-EFF8-4D00-A4C6-B8A3D8EE2590}.Debug|Any CPU.Build.0 = Debug|Any CPU
		{625103EE-EFF8-4D00-A4C6-B8A3D8EE2590}.Release|Any CPU.ActiveCfg = Release|Any CPU
		{625103EE-EFF8-4D00-A4C6-B8A3D8EE2590}.Release|Any CPU.Build.0 = Release|Any CPU
		{237773A1-3A31-4E66-8845-9367A553718D}.Debug|Any CPU.ActiveCfg = Debug|Any CPU
		{237773A1-3A31-4E66-8845-9367A553718D}.Debug|Any CPU.Build.0 = Debug|Any CPU
		{237773A1-3A31-4E66-8845-9367A553718D}.Release|Any CPU.ActiveCfg = Release|Any CPU
		{237773A1-3A31-4E66-8845-9367A553718D}.Release|Any CPU.Build.0 = Release|Any CPU
	EndGlobalSection
	GlobalSection(SolutionProperties) = preSolution
		HideSolutionNode = FALSE
	EndGlobalSection
	GlobalSection(ExtensibilityGlobals) = postSolution
		SolutionGuid = {1AB03832-58B1-417C-9D15-E6BB28D65543}
	EndGlobalSection
EndGlobal
