
Microsoft Visual Studio Solution File, Format Version 12.00
# Visual Studio Version 16
VisualStudioVersion = 16.0.29920.165
MinimumVisualStudioVersion = 10.0.40219.1
Project("{FAE04EC0-301F-11D3-BF4B-00C04F79EFBC}") = "BethanysPieShop", "BethanysPieShop.csproj", "{9AF76A0F-2236-4BF5-9068-6FF843F37E02}"
EndProject
Global
	GlobalSection(SolutionConfigurationPlatforms) = preSolution
		Debug|Any CPU = Debug|Any CPU
		Release|Any CPU = Release|Any CPU
	EndGlobalSection
	GlobalSection(ProjectConfigurationPlatforms) = postSolution
		{9AF76A0F-2236-4BF5-9068-6FF843F37E02}.Debug|Any CPU.ActiveCfg = Debug|Any CPU
		{9AF76A0F-2236-4BF5-9068-6FF843F37E02}.Debug|Any CPU.Build.0 = Debug|Any CPU
		{9AF76A0F-2236-4BF5-9068-6FF843F37E02}.Release|Any CPU.ActiveCfg = Release|Any CPU
		{9AF76A0F-2236-4BF5-9068-6FF843F37E02}.Release|Any CPU.Build.0 = Release|Any CPU
	EndGlobalSection
	GlobalSection(SolutionProperties) = preSolution
		HideSolutionNode = FALSE
	EndGlobalSection
	GlobalSection(ExtensibilityGlobals) = postSolution
		SolutionGuid = {625A1E07-6870-4B5D-B140-AD67EE9F341F}
	EndGlobalSection
EndGlobal
